
Microsoft Visual Studio Solution File, Format Version 12.00
# Visual Studio Version 16
VisualStudioVersion = 16.0.31019.35
MinimumVisualStudioVersion = 10.0.40219.1
Project("{FAE04EC0-301F-11D3-BF4B-00C04F79EFBC}") = "SMultiLangTranslations", "SMultiLangTranslations.csproj", "{AF344792-A5A5-4AA0-96F5-C8BB868312CF}"
EndProject
Global
	GlobalSection(SolutionConfigurationPlatforms) = preSolution
		Debug|Any CPU = Debug|Any CPU
		Release|Any CPU = Release|Any CPU
	EndGlobalSection
	GlobalSection(ProjectConfigurationPlatforms) = postSolution
		{AF344792-A5A5-4AA0-96F5-C8BB868312CF}.Debug|Any CPU.ActiveCfg = Debug|Any CPU
		{AF344792-A5A5-4AA0-96F5-C8BB868312CF}.Debug|Any CPU.Build.0 = Debug|Any CPU
		{AF344792-A5A5-4AA0-96F5-C8BB868312CF}.Release|Any CPU.ActiveCfg = Release|Any CPU
		{AF344792-A5A5-4AA0-96F5-C8BB868312CF}.Release|Any CPU.Build.0 = Release|Any CPU
	EndGlobalSection
	GlobalSection(SolutionProperties) = preSolution
		HideSolutionNode = FALSE
	EndGlobalSection
	GlobalSection(ExtensibilityGlobals) = postSolution
		SolutionGuid = {D2AEFD48-9716-40F1-B994-889FA493161F}
	EndGlobalSection
EndGlobal
